
Microsoft Visual Studio Solution File, Format Version 12.00
# Visual Studio Version 16
VisualStudioVersion = 16.0.29009.5
MinimumVisualStudioVersion = 10.0.40219.1
Project("{FAE04EC0-301F-11D3-BF4B-00C04F79EFBC}") = "keylogger", "keylogger\keylogger.csproj", "{51948F71-4AC0-4D91-9CDA-03F5A73D0C42}"
EndProject
Global
	GlobalSection(SolutionConfigurationPlatforms) = preSolution
		Debug|Any CPU = Debug|Any CPU
		Release|Any CPU = Release|Any CPU
	EndGlobalSection
	GlobalSection(ProjectConfigurationPlatforms) = postSolution
		{51948F71-4AC0-4D91-9CDA-03F5A73D0C42}.Debug|Any CPU.ActiveCfg = Debug|Any CPU
		{51948F71-4AC0-4D91-9CDA-03F5A73D0C42}.Debug|Any CPU.Build.0 = Debug|Any CPU
		{51948F71-4AC0-4D91-9CDA-03F5A73D0C42}.Release|Any CPU.ActiveCfg = Release|Any CPU
		{51948F71-4AC0-4D91-9CDA-03F5A73D0C42}.Release|Any CPU.Build.0 = Release|Any CPU
	EndGlobalSection
	GlobalSection(SolutionProperties) = preSolution
		HideSolutionNode = FALSE
	EndGlobalSection
	GlobalSection(ExtensibilityGlobals) = postSolution
		SolutionGuid = {0B946F2E-5892-4CCD-AC30-C1BBF43EA149}
	EndGlobalSection
EndGlobal
