
Microsoft Visual Studio Solution File, Format Version 12.00
# Visual Studio Version 16
VisualStudioVersion = 16.0.30011.22
MinimumVisualStudioVersion = 10.0.40219.1
Project("{FAE04EC0-301F-11D3-BF4B-00C04F79EFBC}") = "CPU Usage Tracker", "CPU Usage Tracker\CPU Usage Tracker.csproj", "{6A8CC12B-8667-4C47-99D9-67516731CB91}"
EndProject
Global
	GlobalSection(SolutionConfigurationPlatforms) = preSolution
		Debug|Any CPU = Debug|Any CPU
		Release|Any CPU = Release|Any CPU
	EndGlobalSection
	GlobalSection(ProjectConfigurationPlatforms) = postSolution
		{6A8CC12B-8667-4C47-99D9-67516731CB91}.Debug|Any CPU.ActiveCfg = Debug|Any CPU
		{6A8CC12B-8667-4C47-99D9-67516731CB91}.Debug|Any CPU.Build.0 = Debug|Any CPU
		{6A8CC12B-8667-4C47-99D9-67516731CB91}.Release|Any CPU.ActiveCfg = Release|Any CPU
		{6A8CC12B-8667-4C47-99D9-67516731CB91}.Release|Any CPU.Build.0 = Release|Any CPU
	EndGlobalSection
	GlobalSection(SolutionProperties) = preSolution
		HideSolutionNode = FALSE
	EndGlobalSection
	GlobalSection(ExtensibilityGlobals) = postSolution
		SolutionGuid = {B04744C0-F6AA-4EB3-BF5E-C4B78CD3A765}
	EndGlobalSection
EndGlobal
